{
  "version": 4,
  "terraform_version": "1.6.4",
  "serial": 4,
  "lineage": "76e17375-590b-8ec4-70d5-a6a34a17225e",
  "outputs": {},
  "resources": [
    {
      "mode": "managed",
      "type": "azurerm_resource_group",
      "name": "front_end_rg",
      "provider": "provider[\"registry.terraform.io/hashicorp/azurerm\"]",
      "instances": [
        {
          "schema_version": 0,
          "attributes": {
            "id": "/subscriptions/f52de967-edcb-48c1-9914-d60b81141b12/resourceGroups/rg-frontend-sand-ne-001",
            "location": "northeurope",
            "name": "rg-frontend-sand-ne-001",
            "tags": {},
            "timeouts": null
          },
          "sensitive_attributes": [],
          "private": "eyJlMmJmYjczMC1lY2FhLTExZTYtOGY4OC0zNDM2M2JjN2M0YzAiOnsiY3JlYXRlIjo1NDAwMDAwMDAwMDAwLCJkZWxldGUiOjU0MDAwMDAwMDAwMDAsInJlYWQiOjMwMDAwMDAwMDAwMCwidXBkYXRlIjo1NDAwMDAwMDAwMDAwfX0="
        }
      ]
    },
    {
      "mode": "managed",
      "type": "azurerm_storage_account",
      "name": "front_end_storage_account",
      "provider": "provider[\"registry.terraform.io/hashicorp/azurerm\"]",
      "instances": [
        {
          "schema_version": 3,
          "attributes": {
            "access_tier": "Hot",
            "account_kind": "StorageV2",
            "account_replication_type": "LRS",
            "account_tier": "Standard",
            "allow_nested_items_to_be_public": true,
            "azure_files_authentication": [],
            "blob_properties": [
              {
                "change_feed_enabled": false,
                "container_delete_retention_policy": [],
                "cors_rule": [],
                "default_service_version": "",
                "delete_retention_policy": [],
                "last_access_time_enabled": false,
                "versioning_enabled": false
              }
            ],
            "custom_domain": [],
            "customer_managed_key": [],
            "edge_zone": "",
            "enable_https_traffic_only": true,
            "id": "/subscriptions/f52de967-edcb-48c1-9914-d60b81141b12/resourceGroups/rg-frontend-sand-ne-001/providers/Microsoft.Storage/storageAccounts/stgflowerfrontendne001",
            "identity": [],
            "infrastructure_encryption_enabled": false,
            "is_hns_enabled": false,
            "large_file_share_enabled": null,
            "location": "northeurope",
            "min_tls_version": "TLS1_2",
            "name": "stgflowerfrontendne001",
            "network_rules": [
              {
                "bypass": [
                  "AzureServices"
                ],
                "default_action": "Allow",
                "ip_rules": [],
                "private_link_access": [],
                "virtual_network_subnet_ids": []
              }
            ],
            "nfsv3_enabled": false,
            "primary_access_key": "c7gwnG2MftPQ0U6A/4pfmU3ZjWKBxN/Ki/lZiA/xiRupxZ4QORQN2HVjU1kcKgvzWIrTutRNV7ve+ASt7M1kGQ==",
            "primary_blob_connection_string": "DefaultEndpointsProtocol=https;BlobEndpoint=https://stgflowerfrontendne001.blob.core.windows.net/;AccountName=stgflowerfrontendne001;AccountKey=c7gwnG2MftPQ0U6A/4pfmU3ZjWKBxN/Ki/lZiA/xiRupxZ4QORQN2HVjU1kcKgvzWIrTutRNV7ve+ASt7M1kGQ==",
            "primary_blob_endpoint": "https://stgflowerfrontendne001.blob.core.windows.net/",
            "primary_blob_host": "stgflowerfrontendne001.blob.core.windows.net",
            "primary_connection_string": "DefaultEndpointsProtocol=https;AccountName=stgflowerfrontendne001;AccountKey=c7gwnG2MftPQ0U6A/4pfmU3ZjWKBxN/Ki/lZiA/xiRupxZ4QORQN2HVjU1kcKgvzWIrTutRNV7ve+ASt7M1kGQ==;EndpointSuffix=core.windows.net",
            "primary_dfs_endpoint": "https://stgflowerfrontendne001.dfs.core.windows.net/",
            "primary_dfs_host": "stgflowerfrontendne001.dfs.core.windows.net",
            "primary_file_endpoint": "https://stgflowerfrontendne001.file.core.windows.net/",
            "primary_file_host": "stgflowerfrontendne001.file.core.windows.net",
            "primary_location": "northeurope",
            "primary_queue_endpoint": "https://stgflowerfrontendne001.queue.core.windows.net/",
            "primary_queue_host": "stgflowerfrontendne001.queue.core.windows.net",
            "primary_table_endpoint": "https://stgflowerfrontendne001.table.core.windows.net/",
            "primary_table_host": "stgflowerfrontendne001.table.core.windows.net",
            "primary_web_endpoint": "https://stgflowerfrontendne001.z16.web.core.windows.net/",
            "primary_web_host": "stgflowerfrontendne001.z16.web.core.windows.net",
            "queue_encryption_key_type": "Service",
            "queue_properties": [
              {
                "cors_rule": [],
                "hour_metrics": [
                  {
                    "enabled": true,
                    "include_apis": true,
                    "retention_policy_days": 7,
                    "version": "1.0"
                  }
                ],
                "logging": [
                  {
                    "delete": false,
                    "read": false,
                    "retention_policy_days": 0,
                    "version": "1.0",
                    "write": false
                  }
                ],
                "minute_metrics": [
                  {
                    "enabled": false,
                    "include_apis": false,
                    "retention_policy_days": 0,
                    "version": "1.0"
                  }
                ]
              }
            ],
            "resource_group_name": "rg-frontend-sand-ne-001",
            "routing": [],
            "secondary_access_key": "ElMfbQf7KbnWDOIzixUXONtO69GKO9y0mOrxdbF11TH1Nu1S9PCNz/kt5kr8XOsPRSUGWD8pMVPM+AStfQevEA==",
            "secondary_blob_connection_string": "",
            "secondary_blob_endpoint": null,
            "secondary_blob_host": null,
            "secondary_connection_string": "DefaultEndpointsProtocol=https;AccountName=stgflowerfrontendne001;AccountKey=ElMfbQf7KbnWDOIzixUXONtO69GKO9y0mOrxdbF11TH1Nu1S9PCNz/kt5kr8XOsPRSUGWD8pMVPM+AStfQevEA==;EndpointSuffix=core.windows.net",
            "secondary_dfs_endpoint": null,
            "secondary_dfs_host": null,
            "secondary_file_endpoint": null,
            "secondary_file_host": null,
            "secondary_location": "",
            "secondary_queue_endpoint": null,
            "secondary_queue_host": null,
            "secondary_table_endpoint": null,
            "secondary_table_host": null,
            "secondary_web_endpoint": null,
            "secondary_web_host": null,
            "share_properties": [
              {
                "cors_rule": [],
                "retention_policy": [
                  {
                    "days": 7
                  }
                ],
                "smb": []
              }
            ],
            "shared_access_key_enabled": true,
            "static_website": [
              {
                "error_404_document": "",
                "index_document": "index.html"
              }
            ],
            "table_encryption_key_type": "Service",
            "tags": null,
            "timeouts": null
          },
          "sensitive_attributes": [],
          "private": "eyJlMmJmYjczMC1lY2FhLTExZTYtOGY4OC0zNDM2M2JjN2M0YzAiOnsiY3JlYXRlIjozNjAwMDAwMDAwMDAwLCJkZWxldGUiOjM2MDAwMDAwMDAwMDAsInJlYWQiOjMwMDAwMDAwMDAwMCwidXBkYXRlIjozNjAwMDAwMDAwMDAwfSwic2NoZW1hX3ZlcnNpb24iOiIzIn0=",
          "dependencies": [
            "azurerm_resource_group.front_end_rg"
          ]
        }
      ]
    }
  ],
  "check_results": null
}
